
Microsoft Visual Studio Solution File, Format Version 12.00
# Visual Studio Version 17
VisualStudioVersion = 17.0.31903.59
MinimumVisualStudioVersion = 10.0.40219.1
Project("{FAE04EC0-301F-11D3-BF4B-00C04F79EFBC}") = "Domain", "Domain\Domain.csproj", "{D6916FA0-DA01-4777-BC88-D984CBA9CD50}"
EndProject
Project("{FAE04EC0-301F-11D3-BF4B-00C04F79EFBC}") = "Application", "Application\Application.csproj", "{21A5CEE4-65F3-4736-BD95-B58A880AB56D}"
EndProject
Project("{FAE04EC0-301F-11D3-BF4B-00C04F79EFBC}") = "Persistence", "Persistence\Persistence.csproj", "{CE55A32E-922B-4C24-A271-8010527FF668}"
EndProject
Project("{FAE04EC0-301F-11D3-BF4B-00C04F79EFBC}") = "API", "API\API.csproj", "{FBD8A32A-C093-4C45-8236-6512D352FDB2}"
EndProject
Global
	GlobalSection(SolutionConfigurationPlatforms) = preSolution
		Debug|Any CPU = Debug|Any CPU
		Debug|x64 = Debug|x64
		Debug|x86 = Debug|x86
		Release|Any CPU = Release|Any CPU
		Release|x64 = Release|x64
		Release|x86 = Release|x86
	EndGlobalSection
	GlobalSection(ProjectConfigurationPlatforms) = postSolution
		{D6916FA0-DA01-4777-BC88-D984CBA9CD50}.Debug|Any CPU.ActiveCfg = Debug|Any CPU
		{D6916FA0-DA01-4777-BC88-D984CBA9CD50}.Debug|Any CPU.Build.0 = Debug|Any CPU
		{D6916FA0-DA01-4777-BC88-D984CBA9CD50}.Debug|x64.ActiveCfg = Debug|Any CPU
		{D6916FA0-DA01-4777-BC88-D984CBA9CD50}.Debug|x64.Build.0 = Debug|Any CPU
		{D6916FA0-DA01-4777-BC88-D984CBA9CD50}.Debug|x86.ActiveCfg = Debug|Any CPU
		{D6916FA0-DA01-4777-BC88-D984CBA9CD50}.Debug|x86.Build.0 = Debug|Any CPU
		{D6916FA0-DA01-4777-BC88-D984CBA9CD50}.Release|Any CPU.ActiveCfg = Release|Any CPU
		{D6916FA0-DA01-4777-BC88-D984CBA9CD50}.Release|Any CPU.Build.0 = Release|Any CPU
		{D6916FA0-DA01-4777-BC88-D984CBA9CD50}.Release|x64.ActiveCfg = Release|Any CPU
		{D6916FA0-DA01-4777-BC88-D984CBA9CD50}.Release|x64.Build.0 = Release|Any CPU
		{D6916FA0-DA01-4777-BC88-D984CBA9CD50}.Release|x86.ActiveCfg = Release|Any CPU
		{D6916FA0-DA01-4777-BC88-D984CBA9CD50}.Release|x86.Build.0 = Release|Any CPU
		{21A5CEE4-65F3-4736-BD95-B58A880AB56D}.Debug|Any CPU.ActiveCfg = Debug|Any CPU
		{21A5CEE4-65F3-4736-BD95-B58A880AB56D}.Debug|Any CPU.Build.0 = Debug|Any CPU
		{21A5CEE4-65F3-4736-BD95-B58A880AB56D}.Debug|x64.ActiveCfg = Debug|Any CPU
		{21A5CEE4-65F3-4736-BD95-B58A880AB56D}.Debug|x64.Build.0 = Debug|Any CPU
		{21A5CEE4-65F3-4736-BD95-B58A880AB56D}.Debug|x86.ActiveCfg = Debug|Any CPU
		{21A5CEE4-65F3-4736-BD95-B58A880AB56D}.Debug|x86.Build.0 = Debug|Any CPU
		{21A5CEE4-65F3-4736-BD95-B58A880AB56D}.Release|Any CPU.ActiveCfg = Release|Any CPU
		{21A5CEE4-65F3-4736-BD95-B58A880AB56D}.Release|Any CPU.Build.0 = Release|Any CPU
		{21A5CEE4-65F3-4736-BD95-B58A880AB56D}.Release|x64.ActiveCfg = Release|Any CPU
		{21A5CEE4-65F3-4736-BD95-B58A880AB56D}.Release|x64.Build.0 = Release|Any CPU
		{21A5CEE4-65F3-4736-BD95-B58A880AB56D}.Release|x86.ActiveCfg = Release|Any CPU
		{21A5CEE4-65F3-4736-BD95-B58A880AB56D}.Release|x86.Build.0 = Release|Any CPU
		{CE55A32E-922B-4C24-A271-8010527FF668}.Debug|Any CPU.ActiveCfg = Debug|Any CPU
		{CE55A32E-922B-4C24-A271-8010527FF668}.Debug|Any CPU.Build.0 = Debug|Any CPU
		{CE55A32E-922B-4C24-A271-8010527FF668}.Debug|x64.ActiveCfg = Debug|Any CPU
		{CE55A32E-922B-4C24-A271-8010527FF668}.Debug|x64.Build.0 = Debug|Any CPU
		{CE55A32E-922B-4C24-A271-8010527FF668}.Debug|x86.ActiveCfg = Debug|Any CPU
		{CE55A32E-922B-4C24-A271-8010527FF668}.Debug|x86.Build.0 = Debug|Any CPU
		{CE55A32E-922B-4C24-A271-8010527FF668}.Release|Any CPU.ActiveCfg = Release|Any CPU
		{CE55A32E-922B-4C24-A271-8010527FF668}.Release|Any CPU.Build.0 = Release|Any CPU
		{CE55A32E-922B-4C24-A271-8010527FF668}.Release|x64.ActiveCfg = Release|Any CPU
		{CE55A32E-922B-4C24-A271-8010527FF668}.Release|x64.Build.0 = Release|Any CPU
		{CE55A32E-922B-4C24-A271-8010527FF668}.Release|x86.ActiveCfg = Release|Any CPU
		{CE55A32E-922B-4C24-A271-8010527FF668}.Release|x86.Build.0 = Release|Any CPU
		{FBD8A32A-C093-4C45-8236-6512D352FDB2}.Debug|Any CPU.ActiveCfg = Debug|Any CPU
		{FBD8A32A-C093-4C45-8236-6512D352FDB2}.Debug|Any CPU.Build.0 = Debug|Any CPU
		{FBD8A32A-C093-4C45-8236-6512D352FDB2}.Debug|x64.ActiveCfg = Debug|Any CPU
		{FBD8A32A-C093-4C45-8236-6512D352FDB2}.Debug|x64.Build.0 = Debug|Any CPU
		{FBD8A32A-C093-4C45-8236-6512D352FDB2}.Debug|x86.ActiveCfg = Debug|Any CPU
		{FBD8A32A-C093-4C45-8236-6512D352FDB2}.Debug|x86.Build.0 = Debug|Any CPU
		{FBD8A32A-C093-4C45-8236-6512D352FDB2}.Release|Any CPU.ActiveCfg = Release|Any CPU
		{FBD8A32A-C093-4C45-8236-6512D352FDB2}.Release|Any CPU.Build.0 = Release|Any CPU
		{FBD8A32A-C093-4C45-8236-6512D352FDB2}.Release|x64.ActiveCfg = Release|Any CPU
		{FBD8A32A-C093-4C45-8236-6512D352FDB2}.Release|x64.Build.0 = Release|Any CPU
		{FBD8A32A-C093-4C45-8236-6512D352FDB2}.Release|x86.ActiveCfg = Release|Any CPU
		{FBD8A32A-C093-4C45-8236-6512D352FDB2}.Release|x86.Build.0 = Release|Any CPU
	EndGlobalSection
	GlobalSection(SolutionProperties) = preSolution
		HideSolutionNode = FALSE
	EndGlobalSection
EndGlobal
